// !$*UTF8*$!
{
	archiveVersion = 1;
	classes = {
	};
	objectVersion = 46;
	objects = {

/* Begin PBXBuildFile section */
		54766C12952C451E200283C0 /* Pods_Koreo.framework in Frameworks */ = {isa = PBXBuildFile; fileRef = E6A82D93F45C0A6C4B44C389 /* Pods_Koreo.framework */; };
		6E2B7F021CE4FDB700083E11 /* MathViewController.swift in Sources */ = {isa = PBXBuildFile; fileRef = 6E2B7EFC1CE4FDB700083E11 /* MathViewController.swift */; };
		6E46ADCE1CDBE840007AFB53 /* AppDelegate.swift in Sources */ = {isa = PBXBuildFile; fileRef = 6E46ADCD1CDBE840007AFB53 /* AppDelegate.swift */; };
		6E46ADD01CDBE840007AFB53 /* ViewController.swift in Sources */ = {isa = PBXBuildFile; fileRef = 6E46ADCF1CDBE840007AFB53 /* ViewController.swift */; };
		6E46ADD31CDBE840007AFB53 /* Main.storyboard in Resources */ = {isa = PBXBuildFile; fileRef = 6E46ADD11CDBE840007AFB53 /* Main.storyboard */; };
		6E46ADD51CDBE840007AFB53 /* Assets.xcassets in Resources */ = {isa = PBXBuildFile; fileRef = 6E46ADD41CDBE840007AFB53 /* Assets.xcassets */; };
		6E46ADD81CDBE840007AFB53 /* LaunchScreen.storyboard in Resources */ = {isa = PBXBuildFile; fileRef = 6E46ADD61CDBE840007AFB53 /* LaunchScreen.storyboard */; };
		6E7075C71CE672E4007FE1F8 /* ChooseClassViewController.swift in Sources */ = {isa = PBXBuildFile; fileRef = 6E7075C61CE672E4007FE1F8 /* ChooseClassViewController.swift */; };
		6E7075C91CE67780007FE1F8 /* ElectivesViewController.swift in Sources */ = {isa = PBXBuildFile; fileRef = 6E7075C81CE67780007FE1F8 /* ElectivesViewController.swift */; };
		C25095E11CF2CA4E007E2F36 /* CollectionViewCell.swift in Sources */ = {isa = PBXBuildFile; fileRef = C25095DF1CF2CA4E007E2F36 /* CollectionViewCell.swift */; };
		C25095E21CF2CA4E007E2F36 /* CollectionViewController.swift in Sources */ = {isa = PBXBuildFile; fileRef = C25095E01CF2CA4E007E2F36 /* CollectionViewController.swift */; };
		C2DDEA7E1CF2DAEC003E1BF3 /* CellTableViewCell.swift in Sources */ = {isa = PBXBuildFile; fileRef = C2DDEA7D1CF2DAEC003E1BF3 /* CellTableViewCell.swift */; };
		C2F4A4181CF2CD5800E482D7 /* ClassDetailViewController.swift in Sources */ = {isa = PBXBuildFile; fileRef = C2F4A4171CF2CD5800E482D7 /* ClassDetailViewController.swift */; };
/* End PBXBuildFile section */

/* Begin PBXFileReference section */
		6CB06874D13CDA8375A0B3AC /* Pods-Koreo.release.xcconfig */ = {isa = PBXFileReference; includeInIndex = 1; lastKnownFileType = text.xcconfig; name = "Pods-Koreo.release.xcconfig"; path = "Pods/Target Support Files/Pods-Koreo/Pods-Koreo.release.xcconfig"; sourceTree = "<group>"; };
		6E2B7EFC1CE4FDB700083E11 /* MathViewController.swift */ = {isa = PBXFileReference; fileEncoding = 4; lastKnownFileType = sourcecode.swift; name = MathViewController.swift; path = ../../../../../Downloads/collectionView/collectionView/MathViewController.swift; sourceTree = "<group>"; };
		6E46ADCA1CDBE840007AFB53 /* Koreo.app */ = {isa = PBXFileReference; explicitFileType = wrapper.application; includeInIndex = 0; path = Koreo.app; sourceTree = BUILT_PRODUCTS_DIR; };
		6E46ADCD1CDBE840007AFB53 /* AppDelegate.swift */ = {isa = PBXFileReference; lastKnownFileType = sourcecode.swift; path = AppDelegate.swift; sourceTree = "<group>"; };
		6E46ADCF1CDBE840007AFB53 /* ViewController.swift */ = {isa = PBXFileReference; lastKnownFileType = sourcecode.swift; path = ViewController.swift; sourceTree = "<group>"; };
		6E46ADD21CDBE840007AFB53 /* Base */ = {isa = PBXFileReference; lastKnownFileType = file.storyboard; name = Base; path = Base.lproj/Main.storyboard; sourceTree = "<group>"; };
		6E46ADD41CDBE840007AFB53 /* Assets.xcassets */ = {isa = PBXFileReference; lastKnownFileType = folder.assetcatalog; path = Assets.xcassets; sourceTree = "<group>"; };
		6E46ADD71CDBE840007AFB53 /* Base */ = {isa = PBXFileReference; lastKnownFileType = file.storyboard; name = Base; path = Base.lproj/LaunchScreen.storyboard; sourceTree = "<group>"; };
		6E46ADD91CDBE840007AFB53 /* Info.plist */ = {isa = PBXFileReference; lastKnownFileType = text.plist.xml; path = Info.plist; sourceTree = "<group>"; };
		6E7075C61CE672E4007FE1F8 /* ChooseClassViewController.swift */ = {isa = PBXFileReference; fileEncoding = 4; lastKnownFileType = sourcecode.swift; path = ChooseClassViewController.swift; sourceTree = "<group>"; };
		6E7075C81CE67780007FE1F8 /* ElectivesViewController.swift */ = {isa = PBXFileReference; fileEncoding = 4; lastKnownFileType = sourcecode.swift; path = ElectivesViewController.swift; sourceTree = "<group>"; };
		BEA9B83EFAEA1B95DDD9C716 /* Pods-Koreo.debug.xcconfig */ = {isa = PBXFileReference; includeInIndex = 1; lastKnownFileType = text.xcconfig; name = "Pods-Koreo.debug.xcconfig"; path = "Pods/Target Support Files/Pods-Koreo/Pods-Koreo.debug.xcconfig"; sourceTree = "<group>"; };
		C25095DF1CF2CA4E007E2F36 /* CollectionViewCell.swift */ = {isa = PBXFileReference; fileEncoding = 4; lastKnownFileType = sourcecode.swift; path = CollectionViewCell.swift; sourceTree = "<group>"; };
		C25095E01CF2CA4E007E2F36 /* CollectionViewController.swift */ = {isa = PBXFileReference; fileEncoding = 4; lastKnownFileType = sourcecode.swift; path = CollectionViewController.swift; sourceTree = "<group>"; };
		C2DDEA7D1CF2DAEC003E1BF3 /* CellTableViewCell.swift */ = {isa = PBXFileReference; fileEncoding = 4; lastKnownFileType = sourcecode.swift; path = CellTableViewCell.swift; sourceTree = "<group>"; };
		C2F4A4171CF2CD5800E482D7 /* ClassDetailViewController.swift */ = {isa = PBXFileReference; fileEncoding = 4; lastKnownFileType = sourcecode.swift; path = ClassDetailViewController.swift; sourceTree = "<group>"; };
		E6A82D93F45C0A6C4B44C389 /* Pods_Koreo.framework */ = {isa = PBXFileReference; explicitFileType = wrapper.framework; includeInIndex = 0; path = Pods_Koreo.framework; sourceTree = BUILT_PRODUCTS_DIR; };
/* End PBXFileReference section */

/* Begin PBXFrameworksBuildPhase section */
		6E46ADC71CDBE840007AFB53 /* Frameworks */ = {
			isa = PBXFrameworksBuildPhase;
			buildActionMask = 2147483647;
			files = (
				54766C12952C451E200283C0 /* Pods_Koreo.framework in Frameworks */,
			);
			runOnlyForDeploymentPostprocessing = 0;
		};
/* End PBXFrameworksBuildPhase section */

/* Begin PBXGroup section */
		6E46ADC11CDBE840007AFB53 = {
			isa = PBXGroup;
			children = (
				6E46ADCC1CDBE840007AFB53 /* Koreo */,
				6E46ADCB1CDBE840007AFB53 /* Products */,
				AAE085EB31DC9D8D9177EAC5 /* Pods */,
				E40CA5F6AE017D3725E10899 /* Frameworks */,
			);
			sourceTree = "<group>";
		};
		6E46ADCB1CDBE840007AFB53 /* Products */ = {
			isa = PBXGroup;
			children = (
				6E46ADCA1CDBE840007AFB53 /* Koreo.app */,
			);
			name = Products;
			sourceTree = "<group>";
		};
		6E46ADCC1CDBE840007AFB53 /* Koreo */ = {
			isa = PBXGroup;
			children = (
				C25095DF1CF2CA4E007E2F36 /* CollectionViewCell.swift */,
				C25095E01CF2CA4E007E2F36 /* CollectionViewController.swift */,
				6E7075C61CE672E4007FE1F8 /* ChooseClassViewController.swift */,
				6E46ADCF1CDBE840007AFB53 /* ViewController.swift */,
				6E46ADCD1CDBE840007AFB53 /* AppDelegate.swift */,
				6E46ADD11CDBE840007AFB53 /* Main.storyboard */,
				C2DDEA7D1CF2DAEC003E1BF3 /* CellTableViewCell.swift */,
				6E7075C81CE67780007FE1F8 /* ElectivesViewController.swift */,
				6E2B7EFC1CE4FDB700083E11 /* MathViewController.swift */,
				C2F4A4171CF2CD5800E482D7 /* ClassDetailViewController.swift */,
				6E46ADD41CDBE840007AFB53 /* Assets.xcassets */,
				6E46ADD61CDBE840007AFB53 /* LaunchScreen.storyboard */,
				6E46ADD91CDBE840007AFB53 /* Info.plist */,
			);
			path = Koreo;
			sourceTree = "<group>";
		};
		AAE085EB31DC9D8D9177EAC5 /* Pods */ = {
			isa = PBXGroup;
			children = (
				BEA9B83EFAEA1B95DDD9C716 /* Pods-Koreo.debug.xcconfig */,
				6CB06874D13CDA8375A0B3AC /* Pods-Koreo.release.xcconfig */,
			);
			name = Pods;
			sourceTree = "<group>";
		};
		E40CA5F6AE017D3725E10899 /* Frameworks */ = {
			isa = PBXGroup;
			children = (
				E6A82D93F45C0A6C4B44C389 /* Pods_Koreo.framework */,
			);
			name = Frameworks;
			sourceTree = "<group>";
		};
/* End PBXGroup section */

/* Begin PBXNativeTarget section */
		6E46ADC91CDBE840007AFB53 /* Koreo */ = {
			isa = PBXNativeTarget;
			buildConfigurationList = 6E46ADDC1CDBE840007AFB53 /* Build configuration list for PBXNativeTarget "Koreo" */;
			buildPhases = (
				ED148454B6929C4B989E3372 /* Check Pods Manifest.lock */,
				6E46ADC61CDBE840007AFB53 /* Sources */,
				6E46ADC71CDBE840007AFB53 /* Frameworks */,
				6E46ADC81CDBE840007AFB53 /* Resources */,
				7304C6984EA26FC188B1C222 /* Embed Pods Frameworks */,
				C3DEAD60C4E70F24AF9261DD /* Copy Pods Resources */,
			);
			buildRules = (
			);
			dependencies = (
			);
			name = Koreo;
			productName = Koreo;
			productReference = 6E46ADCA1CDBE840007AFB53 /* Koreo.app */;
			productType = "com.apple.product-type.application";
		};
/* End PBXNativeTarget section */

/* Begin PBXProject section */
		6E46ADC21CDBE840007AFB53 /* Project object */ = {
			isa = PBXProject;
			attributes = {
				LastSwiftUpdateCheck = 0720;
				LastUpgradeCheck = 0720;
				ORGANIZATIONNAME = "Lukas Kasimor";
				TargetAttributes = {
					6E46ADC91CDBE840007AFB53 = {
						CreatedOnToolsVersion = 7.2;
					};
				};
			};
			buildConfigurationList = 6E46ADC51CDBE840007AFB53 /* Build configuration list for PBXProject "Koreo" */;
			compatibilityVersion = "Xcode 3.2";
			developmentRegion = English;
			hasScannedForEncodings = 0;
			knownRegions = (
				en,
				Base,
			);
			mainGroup = 6E46ADC11CDBE840007AFB53;
			productRefGroup = 6E46ADCB1CDBE840007AFB53 /* Products */;
			projectDirPath = "";
			projectRoot = "";
			targets = (
				6E46ADC91CDBE840007AFB53 /* Koreo */,
			);
		};
/* End PBXProject section */

/* Begin PBXResourcesBuildPhase section */
		6E46ADC81CDBE840007AFB53 /* Resources */ = {
			isa = PBXResourcesBuildPhase;
			buildActionMask = 2147483647;
			files = (
				6E46ADD81CDBE840007AFB53 /* LaunchScreen.storyboard in Resources */,
				6E46ADD51CDBE840007AFB53 /* Assets.xcassets in Resources */,
				6E46ADD31CDBE840007AFB53 /* Main.storyboard in Resources */,
			);
			runOnlyForDeploymentPostprocessing = 0;
		};
/* End PBXResourcesBuildPhase section */

/* Begin PBXShellScriptBuildPhase section */
		7304C6984EA26FC188B1C222 /* Embed Pods Frameworks */ = {
			isa = PBXShellScriptBuildPhase;
			buildActionMask = 2147483647;
			files = (
			);
			inputPaths = (
			);
			name = "Embed Pods Frameworks";
			outputPaths = (
			);
			runOnlyForDeploymentPostprocessing = 0;
			shellPath = /bin/sh;
			shellScript = "\"${SRCROOT}/Pods/Target Support Files/Pods-Koreo/Pods-Koreo-frameworks.sh\"\n";
			showEnvVarsInLog = 0;
		};
		C3DEAD60C4E70F24AF9261DD /* Copy Pods Resources */ = {
			isa = PBXShellScriptBuildPhase;
			buildActionMask = 2147483647;
			files = (
			);
			inputPaths = (
			);
			name = "Copy Pods Resources";
			outputPaths = (
			);
			runOnlyForDeploymentPostprocessing = 0;
			shellPath = /bin/sh;
			shellScript = "\"${SRCROOT}/Pods/Target Support Files/Pods-Koreo/Pods-Koreo-resources.sh\"\n";
			showEnvVarsInLog = 0;
		};
		ED148454B6929C4B989E3372 /* Check Pods Manifest.lock */ = {
			isa = PBXShellScriptBuildPhase;
			buildActionMask = 2147483647;
			files = (
			);
			inputPaths = (
			);
			name = "Check Pods Manifest.lock";
			outputPaths = (
			);
			runOnlyForDeploymentPostprocessing = 0;
			shellPath = /bin/sh;
			shellScript = "diff \"${PODS_ROOT}/../Podfile.lock\" \"${PODS_ROOT}/Manifest.lock\" > /dev/null\nif [[ $? != 0 ]] ; then\n    cat << EOM\nerror: The sandbox is not in sync with the Podfile.lock. Run 'pod install' or update your CocoaPods installation.\nEOM\n    exit 1\nfi\n";
			showEnvVarsInLog = 0;
		};
/* End PBXShellScriptBuildPhase section */

/* Begin PBXSourcesBuildPhase section */
		6E46ADC61CDBE840007AFB53 /* Sources */ = {
			isa = PBXSourcesBuildPhase;
			buildActionMask = 2147483647;
			files = (
				C25095E21CF2CA4E007E2F36 /* CollectionViewController.swift in Sources */,
				6E7075C91CE67780007FE1F8 /* ElectivesViewController.swift in Sources */,
				C2F4A4181CF2CD5800E482D7 /* ClassDetailViewController.swift in Sources */,
				6E7075C71CE672E4007FE1F8 /* ChooseClassViewController.swift in Sources */,
				C25095E11CF2CA4E007E2F36 /* CollectionViewCell.swift in Sources */,
				6E46ADD01CDBE840007AFB53 /* ViewController.swift in Sources */,
				C2DDEA7E1CF2DAEC003E1BF3 /* CellTableViewCell.swift in Sources */,
				6E2B7F021CE4FDB700083E11 /* MathViewController.swift in Sources */,
				6E46ADCE1CDBE840007AFB53 /* AppDelegate.swift in Sources */,
			);
			runOnlyForDeploymentPostprocessing = 0;
		};
/* End PBXSourcesBuildPhase section */

/* Begin PBXVariantGroup section */
		6E46ADD11CDBE840007AFB53 /* Main.storyboard */ = {
			isa = PBXVariantGroup;
			children = (
				6E46ADD21CDBE840007AFB53 /* Base */,
			);
			name = Main.storyboard;
			sourceTree = "<group>";
		};
		6E46ADD61CDBE840007AFB53 /* LaunchScreen.storyboard */ = {
			isa = PBXVariantGroup;
			children = (
				6E46ADD71CDBE840007AFB53 /* Base */,
			);
			name = LaunchScreen.storyboard;
			sourceTree = "<group>";
		};
/* End PBXVariantGroup section */

/* Begin XCBuildConfiguration section */
		6E46ADDA1CDBE840007AFB53 /* Debug */ = {
			isa = XCBuildConfiguration;
			buildSettings = {
				ALWAYS_SEARCH_USER_PATHS = NO;
				CLANG_CXX_LANGUAGE_STANDARD = "gnu++0x";
				CLANG_CXX_LIBRARY = "libc++";
				CLANG_ENABLE_MODULES = YES;
				CLANG_ENABLE_OBJC_ARC = YES;
				CLANG_WARN_BOOL_CONVERSION = YES;
				CLANG_WARN_CONSTANT_CONVERSION = YES;
				CLANG_WARN_DIRECT_OBJC_ISA_USAGE = YES_ERROR;
				CLANG_WARN_EMPTY_BODY = YES;
				CLANG_WARN_ENUM_CONVERSION = YES;
				CLANG_WARN_INT_CONVERSION = YES;
				CLANG_WARN_OBJC_ROOT_CLASS = YES_ERROR;
				CLANG_WARN_UNREACHABLE_CODE = YES;
				CLANG_WARN__DUPLICATE_METHOD_MATCH = YES;
				"CODE_SIGN_IDENTITY[sdk=iphoneos*]" = "iPhone Developer";
				COPY_PHASE_STRIP = NO;
				DEBUG_INFORMATION_FORMAT = dwarf;
				ENABLE_STRICT_OBJC_MSGSEND = YES;
				ENABLE_TESTABILITY = YES;
				GCC_C_LANGUAGE_STANDARD = gnu99;
				GCC_DYNAMIC_NO_PIC = NO;
				GCC_NO_COMMON_BLOCKS = YES;
				GCC_OPTIMIZATION_LEVEL = 0;
				GCC_PREPROCESSOR_DEFINITIONS = (
					"DEBUG=1",
					"$(inherited)",
				);
				GCC_WARN_64_TO_32_BIT_CONVERSION = YES;
				GCC_WARN_ABOUT_RETURN_TYPE = YES_ERROR;
				GCC_WARN_UNDECLARED_SELECTOR = YES;
				GCC_WARN_UNINITIALIZED_AUTOS = YES_AGGRESSIVE;
				GCC_WARN_UNUSED_FUNCTION = YES;
				GCC_WARN_UNUSED_VARIABLE = YES;
				IPHONEOS_DEPLOYMENT_TARGET = 9.2;
				MTL_ENABLE_DEBUG_INFO = YES;
				ONLY_ACTIVE_ARCH = YES;
				SDKROOT = iphoneos;
				SWIFT_OPTIMIZATION_LEVEL = "-Onone";
				TARGETED_DEVICE_FAMILY = "1,2";
			};
			name = Debug;
		};
		6E46ADDB1CDBE840007AFB53 /* Release */ = {
			isa = XCBuildConfiguration;
			buildSettings = {
				ALWAYS_SEARCH_USER_PATHS = NO;
				CLANG_CXX_LANGUAGE_STANDARD = "gnu++0x";
				CLANG_CXX_LIBRARY = "libc++";
				CLANG_ENABLE_MODULES = YES;
				CLANG_ENABLE_OBJC_ARC = YES;
				CLANG_WARN_BOOL_CONVERSION = YES;
				CLANG_WARN_CONSTANT_CONVERSION = YES;
				CLANG_WARN_DIRECT_OBJC_ISA_USAGE = YES_ERROR;
				CLANG_WARN_EMPTY_BODY = YES;
				CLANG_WARN_ENUM_CONVERSION = YES;
				CLANG_WARN_INT_CONVERSION = YES;
				CLANG_WARN_OBJC_ROOT_CLASS = YES_ERROR;
				CLANG_WARN_UNREACHABLE_CODE = YES;
				CLANG_WARN__DUPLICATE_METHOD_MATCH = YES;
				"CODE_SIGN_IDENTITY[sdk=iphoneos*]" = "iPhone Developer";
				COPY_PHASE_STRIP = NO;
				DEBUG_INFORMATION_FORMAT = "dwarf-with-dsym";
				ENABLE_NS_ASSERTIONS = NO;
				ENABLE_STRICT_OBJC_MSGSEND = YES;
				GCC_C_LANGUAGE_STANDARD = gnu99;
				GCC_NO_COMMON_BLOCKS = YES;
				GCC_WARN_64_TO_32_BIT_CONVERSION = YES;
				GCC_WARN_ABOUT_RETURN_TYPE = YES_ERROR;
				GCC_WARN_UNDECLARED_SELECTOR = YES;
				GCC_WARN_UNINITIALIZED_AUTOS = YES_AGGRESSIVE;
				GCC_WARN_UNUSED_FUNCTION = YES;
				GCC_WARN_UNUSED_VARIABLE = YES;
				IPHONEOS_DEPLOYMENT_TARGET = 9.2;
				MTL_ENABLE_DEBUG_INFO = NO;
				SDKROOT = iphoneos;
				TARGETED_DEVICE_FAMILY = "1,2";
				VALIDATE_PRODUCT = YES;
			};
			name = Release;
		};
		6E46ADDD1CDBE840007AFB53 /* Debug */ = {
			isa = XCBuildConfiguration;
			baseConfigurationReference = BEA9B83EFAEA1B95DDD9C716 /* Pods-Koreo.debug.xcconfig */;
			buildSettings = {
				ASSETCATALOG_COMPILER_APPICON_NAME = AppIcon;
				INFOPLIST_FILE = Koreo/Info.plist;
				LD_RUNPATH_SEARCH_PATHS = "$(inherited) @executable_path/Frameworks";
				PRODUCT_BUNDLE_IDENTIFIER = com.LKass.Koreo;
				PRODUCT_NAME = "$(TARGET_NAME)";
			};
			name = Debug;
		};
		6E46ADDE1CDBE840007AFB53 /* Release */ = {
			isa = XCBuildConfiguration;
			baseConfigurationReference = 6CB06874D13CDA8375A0B3AC /* Pods-Koreo.release.xcconfig */;
			buildSettings = {
				ASSETCATALOG_COMPILER_APPICON_NAME = AppIcon;
				INFOPLIST_FILE = Koreo/Info.plist;
				LD_RUNPATH_SEARCH_PATHS = "$(inherited) @executable_path/Frameworks";
				PRODUCT_BUNDLE_IDENTIFIER = com.LKass.Koreo;
				PRODUCT_NAME = "$(TARGET_NAME)";
			};
			name = Release;
		};
/* End XCBuildConfiguration section */

/* Begin XCConfigurationList section */
		6E46ADC51CDBE840007AFB53 /* Build configuration list for PBXProject "Koreo" */ = {
			isa = XCConfigurationList;
			buildConfigurations = (
				6E46ADDA1CDBE840007AFB53 /* Debug */,
				6E46ADDB1CDBE840007AFB53 /* Release */,
			);
			defaultConfigurationIsVisible = 0;
			defaultConfigurationName = Release;
		};
		6E46ADDC1CDBE840007AFB53 /* Build configuration list for PBXNativeTarget "Koreo" */ = {
			isa = XCConfigurationList;
			buildConfigurations = (
				6E46ADDD1CDBE840007AFB53 /* Debug */,
				6E46ADDE1CDBE840007AFB53 /* Release */,
			);
			defaultConfigurationIsVisible = 0;
			defaultConfigurationName = Release;
		};
/* End XCConfigurationList section */
	};
	rootObject = 6E46ADC21CDBE840007AFB53 /* Project object */;
}
